
Microsoft Visual Studio Solution File, Format Version 12.00
# Visual Studio Version 17
VisualStudioVersion = 17.9.34728.123
MinimumVisualStudioVersion = 10.0.40219.1
Project("{2150E333-8FDC-42A3-9474-1A3956D46DE8}") = "Client", "Client", "{BE822A66-FE36-4B88-B81C-DE9959CB3E1F}"
EndProject
Project("{2150E333-8FDC-42A3-9474-1A3956D46DE8}") = "Common", "Common", "{C1A2365D-7521-4EF9-8D9F-CEC881D5E82D}"
EndProject
Project("{2150E333-8FDC-42A3-9474-1A3956D46DE8}") = "Server", "Server", "{A1F8E6DF-ED59-4545-9903-57A39593664C}"
EndProject
Project("{9A19103F-16F7-4668-BE54-9A1E7A4F7556}") = "QuickTracker", "Client\QuickTracker.csproj", "{F50034D0-7B6E-45F9-BBEC-14CE1ED9EC46}"
EndProject
Project("{2150E333-8FDC-42A3-9474-1A3956D46DE8}") = "SQL", "SQL", "{B1C6938D-4869-4CE8-935C-5A4EAA262E3B}"
EndProject
Project("{2150E333-8FDC-42A3-9474-1A3956D46DE8}") = "Function", "Function", "{4DFCDB29-C826-4721-9596-7CCA89BBD07F}"
EndProject
Project("{2150E333-8FDC-42A3-9474-1A3956D46DE8}") = "SeedScripts", "SeedScripts", "{AAC49A15-0183-4EBA-ACEB-1BC5899A6D77}"
EndProject
Project("{2150E333-8FDC-42A3-9474-1A3956D46DE8}") = "StoredProcedure", "StoredProcedure", "{99709DBC-40CE-41CB-BCA4-0FB7B4B772B7}"
EndProject
Project("{2150E333-8FDC-42A3-9474-1A3956D46DE8}") = "Tables", "Tables", "{C30ACE5E-A388-4649-8628-AF975652D8DF}"
	ProjectSection(SolutionItems) = preProject
		SQL\Tables\t_Category.sql = SQL\Tables\t_Category.sql
		SQL\Tables\t_Company.sql = SQL\Tables\t_Company.sql
		SQL\Tables\t_Contact.sql = SQL\Tables\t_Contact.sql
		SQL\Tables\t_Product.sql = SQL\Tables\t_Product.sql
		SQL\Tables\t_ProductCost.sql = SQL\Tables\t_ProductCost.sql
		SQL\Tables\t_Store.sql = SQL\Tables\t_Store.sql
		SQL\Tables\t_StoreLayout.sql = SQL\Tables\t_StoreLayout.sql
		SQL\Tables\t_TransactionLog.sql = SQL\Tables\t_TransactionLog.sql
	EndProjectSection
EndProject
Project("{2150E333-8FDC-42A3-9474-1A3956D46DE8}") = "Views", "Views", "{8332C21E-2C79-485D-83E1-55D720C13C4A}"
EndProject
Project("{FAE04EC0-301F-11D3-BF4B-00C04F79EFBC}") = "QuickTrackerService", "Common\QuickTrackerService\QuickTrackerService.csproj", "{F858D438-6C60-4C91-AD5E-52F7DDDC9AAE}"
EndProject
Project("{2150E333-8FDC-42A3-9474-1A3956D46DE8}") = "Services", "Services", "{75D256FA-80AB-46B4-913D-5E73BE06F437}"
EndProject
Global
	GlobalSection(SolutionConfigurationPlatforms) = preSolution
		Debug|Any CPU = Debug|Any CPU
		Release|Any CPU = Release|Any CPU
	EndGlobalSection
	GlobalSection(ProjectConfigurationPlatforms) = postSolution
		{F50034D0-7B6E-45F9-BBEC-14CE1ED9EC46}.Debug|Any CPU.ActiveCfg = Debug|Any CPU
		{F50034D0-7B6E-45F9-BBEC-14CE1ED9EC46}.Debug|Any CPU.Build.0 = Debug|Any CPU
		{F50034D0-7B6E-45F9-BBEC-14CE1ED9EC46}.Release|Any CPU.ActiveCfg = Release|Any CPU
		{F50034D0-7B6E-45F9-BBEC-14CE1ED9EC46}.Release|Any CPU.Build.0 = Release|Any CPU
		{F858D438-6C60-4C91-AD5E-52F7DDDC9AAE}.Debug|Any CPU.ActiveCfg = Debug|Any CPU
		{F858D438-6C60-4C91-AD5E-52F7DDDC9AAE}.Debug|Any CPU.Build.0 = Debug|Any CPU
		{F858D438-6C60-4C91-AD5E-52F7DDDC9AAE}.Release|Any CPU.ActiveCfg = Release|Any CPU
		{F858D438-6C60-4C91-AD5E-52F7DDDC9AAE}.Release|Any CPU.Build.0 = Release|Any CPU
	EndGlobalSection
	GlobalSection(SolutionProperties) = preSolution
		HideSolutionNode = FALSE
	EndGlobalSection
	GlobalSection(NestedProjects) = preSolution
		{F50034D0-7B6E-45F9-BBEC-14CE1ED9EC46} = {BE822A66-FE36-4B88-B81C-DE9959CB3E1F}
		{4DFCDB29-C826-4721-9596-7CCA89BBD07F} = {B1C6938D-4869-4CE8-935C-5A4EAA262E3B}
		{AAC49A15-0183-4EBA-ACEB-1BC5899A6D77} = {B1C6938D-4869-4CE8-935C-5A4EAA262E3B}
		{99709DBC-40CE-41CB-BCA4-0FB7B4B772B7} = {B1C6938D-4869-4CE8-935C-5A4EAA262E3B}
		{C30ACE5E-A388-4649-8628-AF975652D8DF} = {B1C6938D-4869-4CE8-935C-5A4EAA262E3B}
		{8332C21E-2C79-485D-83E1-55D720C13C4A} = {B1C6938D-4869-4CE8-935C-5A4EAA262E3B}
		{F858D438-6C60-4C91-AD5E-52F7DDDC9AAE} = {75D256FA-80AB-46B4-913D-5E73BE06F437}
		{75D256FA-80AB-46B4-913D-5E73BE06F437} = {C1A2365D-7521-4EF9-8D9F-CEC881D5E82D}
	EndGlobalSection
	GlobalSection(ExtensibilityGlobals) = postSolution
		SolutionGuid = {6E3501AA-00CB-443C-A4EC-9257DE3AE17E}
	EndGlobalSection
EndGlobal
